
Microsoft Visual Studio Solution File, Format Version 11.00
# Visual Studio 2010
Project("{FAE04EC0-301F-11D3-BF4B-00C04F79EFBC}") = "Sbbs.Client", "Sbbs.Client\Sbbs.Client.csproj", "{28334A6D-FC94-4B80-A12C-B15AADCC6187}"
EndProject
Project("{2150E333-8FDC-42A3-9474-1A3956D46DE8}") = "Prism", "Prism", "{88DA7D00-B571-4C66-818C-E995A0C14A84}"
EndProject
Project("{FAE04EC0-301F-11D3-BF4B-00C04F79EFBC}") = "Prism", "..\Prism\Prism\Prism.csproj", "{3BC829AC-1DE8-48A7-BE0C-D96CFE6CF0EA}"
EndProject
Project("{FAE04EC0-301F-11D3-BF4B-00C04F79EFBC}") = "Prism.Interactivity", "..\Prism\Prism.Interactivity\Prism.Interactivity.csproj", "{F3CC2EF9-B092-498A-A7D7-E52DE5370700}"
EndProject
Project("{FAE04EC0-301F-11D3-BF4B-00C04F79EFBC}") = "Sbbs.Core", "Sbbs.Core\Sbbs.Core.csproj", "{79B658E4-22F6-4F67-AF38-582715B4706B}"
EndProject
Project("{FAE04EC0-301F-11D3-BF4B-00C04F79EFBC}") = "Sbbs.Controls", "Sbbs.Controls\Sbbs.Controls.csproj", "{BA4B02D3-30C3-4FE5-A80E-FA0878521200}"
EndProject
Global
	GlobalSection(SolutionConfigurationPlatforms) = preSolution
		Debug|Any CPU = Debug|Any CPU
		Release|Any CPU = Release|Any CPU
	EndGlobalSection
	GlobalSection(ProjectConfigurationPlatforms) = postSolution
		{28334A6D-FC94-4B80-A12C-B15AADCC6187}.Debug|Any CPU.ActiveCfg = Debug|Any CPU
		{28334A6D-FC94-4B80-A12C-B15AADCC6187}.Debug|Any CPU.Build.0 = Debug|Any CPU
		{28334A6D-FC94-4B80-A12C-B15AADCC6187}.Debug|Any CPU.Deploy.0 = Debug|Any CPU
		{28334A6D-FC94-4B80-A12C-B15AADCC6187}.Release|Any CPU.ActiveCfg = Release|Any CPU
		{28334A6D-FC94-4B80-A12C-B15AADCC6187}.Release|Any CPU.Build.0 = Release|Any CPU
		{28334A6D-FC94-4B80-A12C-B15AADCC6187}.Release|Any CPU.Deploy.0 = Release|Any CPU
		{3BC829AC-1DE8-48A7-BE0C-D96CFE6CF0EA}.Debug|Any CPU.ActiveCfg = Debug|Any CPU
		{3BC829AC-1DE8-48A7-BE0C-D96CFE6CF0EA}.Debug|Any CPU.Build.0 = Debug|Any CPU
		{3BC829AC-1DE8-48A7-BE0C-D96CFE6CF0EA}.Release|Any CPU.ActiveCfg = Release|Any CPU
		{3BC829AC-1DE8-48A7-BE0C-D96CFE6CF0EA}.Release|Any CPU.Build.0 = Release|Any CPU
		{F3CC2EF9-B092-498A-A7D7-E52DE5370700}.Debug|Any CPU.ActiveCfg = Debug|Any CPU
		{F3CC2EF9-B092-498A-A7D7-E52DE5370700}.Debug|Any CPU.Build.0 = Debug|Any CPU
		{F3CC2EF9-B092-498A-A7D7-E52DE5370700}.Release|Any CPU.ActiveCfg = Release|Any CPU
		{F3CC2EF9-B092-498A-A7D7-E52DE5370700}.Release|Any CPU.Build.0 = Release|Any CPU
		{79B658E4-22F6-4F67-AF38-582715B4706B}.Debug|Any CPU.ActiveCfg = Debug|Any CPU
		{79B658E4-22F6-4F67-AF38-582715B4706B}.Debug|Any CPU.Build.0 = Debug|Any CPU
		{79B658E4-22F6-4F67-AF38-582715B4706B}.Release|Any CPU.ActiveCfg = Release|Any CPU
		{79B658E4-22F6-4F67-AF38-582715B4706B}.Release|Any CPU.Build.0 = Release|Any CPU
		{BA4B02D3-30C3-4FE5-A80E-FA0878521200}.Debug|Any CPU.ActiveCfg = Debug|Any CPU
		{BA4B02D3-30C3-4FE5-A80E-FA0878521200}.Debug|Any CPU.Build.0 = Debug|Any CPU
		{BA4B02D3-30C3-4FE5-A80E-FA0878521200}.Release|Any CPU.ActiveCfg = Release|Any CPU
		{BA4B02D3-30C3-4FE5-A80E-FA0878521200}.Release|Any CPU.Build.0 = Release|Any CPU
	EndGlobalSection
	GlobalSection(SolutionProperties) = preSolution
		HideSolutionNode = FALSE
	EndGlobalSection
	GlobalSection(NestedProjects) = preSolution
		{3BC829AC-1DE8-48A7-BE0C-D96CFE6CF0EA} = {88DA7D00-B571-4C66-818C-E995A0C14A84}
		{F3CC2EF9-B092-498A-A7D7-E52DE5370700} = {88DA7D00-B571-4C66-818C-E995A0C14A84}
	EndGlobalSection
EndGlobal
